
Microsoft Visual Studio Solution File, Format Version 12.00
# Visual Studio Version 17
VisualStudioVersion = 17.4.33205.214
MinimumVisualStudioVersion = 10.0.40219.1
Project("{FAE04EC0-301F-11D3-BF4B-00C04F79EFBC}") = "Install", "Install\Install.csproj", "{FA4FC1B6-4DA0-42AE-ABC9-C11EC0C61C6C}"
EndProject
Project("{FAE04EC0-301F-11D3-BF4B-00C04F79EFBC}") = "Uninstall", "Uninstall\Uninstall.csproj", "{C8A5239D-5E8D-4EEE-A2C5-3EC711F443D0}"
EndProject
Global
	GlobalSection(SolutionConfigurationPlatforms) = preSolution
		Debug|Any CPU = Debug|Any CPU
		Release|Any CPU = Release|Any CPU
	EndGlobalSection
	GlobalSection(ProjectConfigurationPlatforms) = postSolution
		{FA4FC1B6-4DA0-42AE-ABC9-C11EC0C61C6C}.Debug|Any CPU.ActiveCfg = Debug|Any CPU
		{FA4FC1B6-4DA0-42AE-ABC9-C11EC0C61C6C}.Debug|Any CPU.Build.0 = Debug|Any CPU
		{FA4FC1B6-4DA0-42AE-ABC9-C11EC0C61C6C}.Release|Any CPU.ActiveCfg = Release|Any CPU
		{FA4FC1B6-4DA0-42AE-ABC9-C11EC0C61C6C}.Release|Any CPU.Build.0 = Release|Any CPU
		{C8A5239D-5E8D-4EEE-A2C5-3EC711F443D0}.Debug|Any CPU.ActiveCfg = Debug|Any CPU
		{C8A5239D-5E8D-4EEE-A2C5-3EC711F443D0}.Debug|Any CPU.Build.0 = Debug|Any CPU
		{C8A5239D-5E8D-4EEE-A2C5-3EC711F443D0}.Release|Any CPU.ActiveCfg = Release|Any CPU
		{C8A5239D-5E8D-4EEE-A2C5-3EC711F443D0}.Release|Any CPU.Build.0 = Release|Any CPU
	EndGlobalSection
	GlobalSection(SolutionProperties) = preSolution
		HideSolutionNode = FALSE
	EndGlobalSection
	GlobalSection(ExtensibilityGlobals) = postSolution
		SolutionGuid = {2F286660-AAB8-428C-9FAF-1AA2ACF317D6}
	EndGlobalSection
EndGlobal
